# THIS IS AN AUTOGENERATED FILE. DO NOT EDIT THIS FILE DIRECTLY.
# yarn lockfile v1


zypnix-first@^1.0.1:
  version "1.0.1"
  resolved "https://registry.yarnpkg.com/zypnix-first/-/zypnix-first-1.0.1.tgz#418d63ffe6f21e78a6ba50439292aeb4e254e982"
  integrity sha512-caiQLE0R7n3+7UmOrrNppD1Gtrh/obju0QQxdEQEGeuh222D+wwpQKtZBErW9k4KJ44g/Xd0tGXvdcuaWFQ7/A==
